// !$*UTF8*$!
{
	archiveVersion = 1;
	classes = {
	};
	objectVersion = 48;
	objects = {

/* Begin PBXBuildFile section */
		21CB5D6C1FD0413D009AE4ED /* AppDelegate.m in Sources */ = {isa = PBXBuildFile; fileRef = 21CB5D6B1FD0413D009AE4ED /* AppDelegate.m */; };
		21CB5D6F1FD0413D009AE4ED /* ViewController.m in Sources */ = {isa = PBXBuildFile; fileRef = 21CB5D6E1FD0413D009AE4ED /* ViewController.m */; };
		21CB5D721FD0413E009AE4ED /* Main.storyboard in Resources */ = {isa = PBXBuildFile; fileRef = 21CB5D701FD0413E009AE4ED /* Main.storyboard */; };
		21CB5D751FD0413E009AE4ED /* WWCollection.xcdatamodeld in Sources */ = {isa = PBXBuildFile; fileRef = 21CB5D731FD0413E009AE4ED /* WWCollection.xcdatamodeld */; };
		21CB5D771FD0413E009AE4ED /* Assets.xcassets in Resources */ = {isa = PBXBuildFile; fileRef = 21CB5D761FD0413E009AE4ED /* Assets.xcassets */; };
		21CB5D7A1FD0413E009AE4ED /* LaunchScreen.storyboard in Resources */ = {isa = PBXBuildFile; fileRef = 21CB5D781FD0413E009AE4ED /* LaunchScreen.storyboard */; };
		21CB5D7D1FD0413E009AE4ED /* main.m in Sources */ = {isa = PBXBuildFile; fileRef = 21CB5D7C1FD0413E009AE4ED /* main.m */; };
		21CB5D871FD0413E009AE4ED /* WWCollectionTests.m in Sources */ = {isa = PBXBuildFile; fileRef = 21CB5D861FD0413E009AE4ED /* WWCollectionTests.m */; };
		21CB5D921FD0413E009AE4ED /* WWCollectionUITests.m in Sources */ = {isa = PBXBuildFile; fileRef = 21CB5D911FD0413E009AE4ED /* WWCollectionUITests.m */; };
		4D7987E5205BC9A000106B1C /* WYWSearchResultViewController.m in Sources */ = {isa = PBXBuildFile; fileRef = 4D7987E4205BC9A000106B1C /* WYWSearchResultViewController.m */; };
		4D7987EB205C06EA00106B1C /* UINavigationBar+WWAdd.m in Sources */ = {isa = PBXBuildFile; fileRef = 4D7987EA205C06EA00106B1C /* UINavigationBar+WWAdd.m */; };
		4DCF38E420673B760071C6C6 /* WWSearchBar.m in Sources */ = {isa = PBXBuildFile; fileRef = 4DCF38C220673B740071C6C6 /* WWSearchBar.m */; };
		4DCF38E720673B760071C6C6 /* WYWLayerViewController.m in Sources */ = {isa = PBXBuildFile; fileRef = 4DCF38CC20673B740071C6C6 /* WYWLayerViewController.m */; };
		4DCF38E820673B760071C6C6 /* CAGradientLayer+WWAdd.m in Sources */ = {isa = PBXBuildFile; fileRef = 4DCF38D020673B740071C6C6 /* CAGradientLayer+WWAdd.m */; };
		4DCF38E920673B760071C6C6 /* WYWDrawingView.m in Sources */ = {isa = PBXBuildFile; fileRef = 4DCF38D320673B740071C6C6 /* WYWDrawingView.m */; };
		4DCF38EA20673B760071C6C6 /* CAShapeLayer+WWAdd.m in Sources */ = {isa = PBXBuildFile; fileRef = 4DCF38D520673B740071C6C6 /* CAShapeLayer+WWAdd.m */; };
		4DCF38EB20673B760071C6C6 /* WYWTestViewController.m in Sources */ = {isa = PBXBuildFile; fileRef = 4DCF38D820673B740071C6C6 /* WYWTestViewController.m */; };
		4DCF38EC20673B760071C6C6 /* WYWLayerTableViewController.m in Sources */ = {isa = PBXBuildFile; fileRef = 4DCF38DA20673B740071C6C6 /* WYWLayerTableViewController.m */; };
		4DCF38ED20673B760071C6C6 /* UISearchBar+WWAdd.m in Sources */ = {isa = PBXBuildFile; fileRef = 4DCF38DC20673B750071C6C6 /* UISearchBar+WWAdd.m */; };
		4DCF38EE20673B760071C6C6 /* WYWHomeViewController.m in Sources */ = {isa = PBXBuildFile; fileRef = 4DCF38DD20673B750071C6C6 /* WYWHomeViewController.m */; };
		4DCF38EF20673B760071C6C6 /* WYWImplicitAnimationViewController.m in Sources */ = {isa = PBXBuildFile; fileRef = 4DCF38E020673B750071C6C6 /* WYWImplicitAnimationViewController.m */; };
		4DCF38F220673CAD0071C6C6 /* WWCycleView.m in Sources */ = {isa = PBXBuildFile; fileRef = 4DCF38F120673CAC0071C6C6 /* WWCycleView.m */; };
		4DCF38F5206742CE0071C6C6 /* dataArray.plist in Resources */ = {isa = PBXBuildFile; fileRef = 4DCF38F4206742CE0071C6C6 /* dataArray.plist */; };
/* End PBXBuildFile section */

/* Begin PBXContainerItemProxy section */
		21CB5D831FD0413E009AE4ED /* PBXContainerItemProxy */ = {
			isa = PBXContainerItemProxy;
			containerPortal = 21CB5D5F1FD0413D009AE4ED /* Project object */;
			proxyType = 1;
			remoteGlobalIDString = 21CB5D661FD0413D009AE4ED;
			remoteInfo = WWCollection;
		};
		21CB5D8E1FD0413E009AE4ED /* PBXContainerItemProxy */ = {
			isa = PBXContainerItemProxy;
			containerPortal = 21CB5D5F1FD0413D009AE4ED /* Project object */;
			proxyType = 1;
			remoteGlobalIDString = 21CB5D661FD0413D009AE4ED;
			remoteInfo = WWCollection;
		};
/* End PBXContainerItemProxy section */

/* Begin PBXFileReference section */
		21CB5D671FD0413D009AE4ED /* WWCollection.app */ = {isa = PBXFileReference; explicitFileType = wrapper.application; includeInIndex = 0; path = WWCollection.app; sourceTree = BUILT_PRODUCTS_DIR; };
		21CB5D6A1FD0413D009AE4ED /* AppDelegate.h */ = {isa = PBXFileReference; lastKnownFileType = sourcecode.c.h; path = AppDelegate.h; sourceTree = "<group>"; };
		21CB5D6B1FD0413D009AE4ED /* AppDelegate.m */ = {isa = PBXFileReference; lastKnownFileType = sourcecode.c.objc; path = AppDelegate.m; sourceTree = "<group>"; };
		21CB5D6D1FD0413D009AE4ED /* ViewController.h */ = {isa = PBXFileReference; lastKnownFileType = sourcecode.c.h; path = ViewController.h; sourceTree = "<group>"; };
		21CB5D6E1FD0413D009AE4ED /* ViewController.m */ = {isa = PBXFileReference; lastKnownFileType = sourcecode.c.objc; path = ViewController.m; sourceTree = "<group>"; };
		21CB5D711FD0413E009AE4ED /* Base */ = {isa = PBXFileReference; lastKnownFileType = file.storyboard; name = Base; path = Base.lproj/Main.storyboard; sourceTree = "<group>"; };
		21CB5D741FD0413E009AE4ED /* WWCollection.xcdatamodel */ = {isa = PBXFileReference; lastKnownFileType = wrapper.xcdatamodel; path = WWCollection.xcdatamodel; sourceTree = "<group>"; };
		21CB5D761FD0413E009AE4ED /* Assets.xcassets */ = {isa = PBXFileReference; lastKnownFileType = folder.assetcatalog; path = Assets.xcassets; sourceTree = "<group>"; };
		21CB5D791FD0413E009AE4ED /* Base */ = {isa = PBXFileReference; lastKnownFileType = file.storyboard; name = Base; path = Base.lproj/LaunchScreen.storyboard; sourceTree = "<group>"; };
		21CB5D7B1FD0413E009AE4ED /* Info.plist */ = {isa = PBXFileReference; lastKnownFileType = text.plist.xml; path = Info.plist; sourceTree = "<group>"; };
		21CB5D7C1FD0413E009AE4ED /* main.m */ = {isa = PBXFileReference; lastKnownFileType = sourcecode.c.objc; path = main.m; sourceTree = "<group>"; };
		21CB5D821FD0413E009AE4ED /* WWCollectionTests.xctest */ = {isa = PBXFileReference; explicitFileType = wrapper.cfbundle; includeInIndex = 0; path = WWCollectionTests.xctest; sourceTree = BUILT_PRODUCTS_DIR; };
		21CB5D861FD0413E009AE4ED /* WWCollectionTests.m */ = {isa = PBXFileReference; lastKnownFileType = sourcecode.c.objc; path = WWCollectionTests.m; sourceTree = "<group>"; };
		21CB5D881FD0413E009AE4ED /* Info.plist */ = {isa = PBXFileReference; lastKnownFileType = text.plist.xml; path = Info.plist; sourceTree = "<group>"; };
		21CB5D8D1FD0413E009AE4ED /* WWCollectionUITests.xctest */ = {isa = PBXFileReference; explicitFileType = wrapper.cfbundle; includeInIndex = 0; path = WWCollectionUITests.xctest; sourceTree = BUILT_PRODUCTS_DIR; };
		21CB5D911FD0413E009AE4ED /* WWCollectionUITests.m */ = {isa = PBXFileReference; lastKnownFileType = sourcecode.c.objc; path = WWCollectionUITests.m; sourceTree = "<group>"; };
		21CB5D931FD0413E009AE4ED /* Info.plist */ = {isa = PBXFileReference; lastKnownFileType = text.plist.xml; path = Info.plist; sourceTree = "<group>"; };
		4D7987E3205BC9A000106B1C /* WYWSearchResultViewController.h */ = {isa = PBXFileReference; lastKnownFileType = sourcecode.c.h; path = WYWSearchResultViewController.h; sourceTree = "<group>"; };
		4D7987E4205BC9A000106B1C /* WYWSearchResultViewController.m */ = {isa = PBXFileReference; lastKnownFileType = sourcecode.c.objc; path = WYWSearchResultViewController.m; sourceTree = "<group>"; };
		4D7987E9205C06EA00106B1C /* UINavigationBar+WWAdd.h */ = {isa = PBXFileReference; lastKnownFileType = sourcecode.c.h; path = "UINavigationBar+WWAdd.h"; sourceTree = "<group>"; };
		4D7987EA205C06EA00106B1C /* UINavigationBar+WWAdd.m */ = {isa = PBXFileReference; lastKnownFileType = sourcecode.c.objc; path = "UINavigationBar+WWAdd.m"; sourceTree = "<group>"; };
		4DCF38C120673B730071C6C6 /* WWSearchBar.h */ = {isa = PBXFileReference; fileEncoding = 4; lastKnownFileType = sourcecode.c.h; path = WWSearchBar.h; sourceTree = "<group>"; };
		4DCF38C220673B740071C6C6 /* WWSearchBar.m */ = {isa = PBXFileReference; fileEncoding = 4; lastKnownFileType = sourcecode.c.objc; path = WWSearchBar.m; sourceTree = "<group>"; };
		4DCF38C320673B740071C6C6 /* UISearchBar+WWAdd.h */ = {isa = PBXFileReference; fileEncoding = 4; lastKnownFileType = sourcecode.c.h; path = "UISearchBar+WWAdd.h"; sourceTree = "<group>"; };
		4DCF38C420673B740071C6C6 /* WYWHomeViewController.h */ = {isa = PBXFileReference; fileEncoding = 4; lastKnownFileType = sourcecode.c.h; path = WYWHomeViewController.h; sourceTree = "<group>"; };
		4DCF38CC20673B740071C6C6 /* WYWLayerViewController.m */ = {isa = PBXFileReference; fileEncoding = 4; lastKnownFileType = sourcecode.c.objc; path = WYWLayerViewController.m; sourceTree = "<group>"; };
		4DCF38CD20673B740071C6C6 /* WYWLayerViewController.h */ = {isa = PBXFileReference; fileEncoding = 4; lastKnownFileType = sourcecode.c.h; path = WYWLayerViewController.h; sourceTree = "<group>"; };
		4DCF38CF20673B740071C6C6 /* CAGradientLayer+WWAdd.h */ = {isa = PBXFileReference; fileEncoding = 4; lastKnownFileType = sourcecode.c.h; path = "CAGradientLayer+WWAdd.h"; sourceTree = "<group>"; };
		4DCF38D020673B740071C6C6 /* CAGradientLayer+WWAdd.m */ = {isa = PBXFileReference; fileEncoding = 4; lastKnownFileType = sourcecode.c.objc; path = "CAGradientLayer+WWAdd.m"; sourceTree = "<group>"; };
		4DCF38D220673B740071C6C6 /* WYWDrawingView.h */ = {isa = PBXFileReference; fileEncoding = 4; lastKnownFileType = sourcecode.c.h; path = WYWDrawingView.h; sourceTree = "<group>"; };
		4DCF38D320673B740071C6C6 /* WYWDrawingView.m */ = {isa = PBXFileReference; fileEncoding = 4; lastKnownFileType = sourcecode.c.objc; path = WYWDrawingView.m; sourceTree = "<group>"; };
		4DCF38D520673B740071C6C6 /* CAShapeLayer+WWAdd.m */ = {isa = PBXFileReference; fileEncoding = 4; lastKnownFileType = sourcecode.c.objc; path = "CAShapeLayer+WWAdd.m"; sourceTree = "<group>"; };
		4DCF38D620673B740071C6C6 /* CAShapeLayer+WWAdd.h */ = {isa = PBXFileReference; fileEncoding = 4; lastKnownFileType = sourcecode.c.h; path = "CAShapeLayer+WWAdd.h"; sourceTree = "<group>"; };
		4DCF38D820673B740071C6C6 /* WYWTestViewController.m */ = {isa = PBXFileReference; fileEncoding = 4; lastKnownFileType = sourcecode.c.objc; path = WYWTestViewController.m; sourceTree = "<group>"; };
		4DCF38D920673B740071C6C6 /* WYWLayerTableViewController.h */ = {isa = PBXFileReference; fileEncoding = 4; lastKnownFileType = sourcecode.c.h; path = WYWLayerTableViewController.h; sourceTree = "<group>"; };
		4DCF38DA20673B740071C6C6 /* WYWLayerTableViewController.m */ = {isa = PBXFileReference; fileEncoding = 4; lastKnownFileType = sourcecode.c.objc; path = WYWLayerTableViewController.m; sourceTree = "<group>"; };
		4DCF38DB20673B740071C6C6 /* WYWTestViewController.h */ = {isa = PBXFileReference; fileEncoding = 4; lastKnownFileType = sourcecode.c.h; path = WYWTestViewController.h; sourceTree = "<group>"; };
		4DCF38DC20673B750071C6C6 /* UISearchBar+WWAdd.m */ = {isa = PBXFileReference; fileEncoding = 4; lastKnownFileType = sourcecode.c.objc; path = "UISearchBar+WWAdd.m"; sourceTree = "<group>"; };
		4DCF38DD20673B750071C6C6 /* WYWHomeViewController.m */ = {isa = PBXFileReference; fileEncoding = 4; lastKnownFileType = sourcecode.c.objc; path = WYWHomeViewController.m; sourceTree = "<group>"; };
		4DCF38E020673B750071C6C6 /* WYWImplicitAnimationViewController.m */ = {isa = PBXFileReference; fileEncoding = 4; lastKnownFileType = sourcecode.c.objc; path = WYWImplicitAnimationViewController.m; sourceTree = "<group>"; };
		4DCF38E120673B750071C6C6 /* WYWImplicitAnimationViewController.h */ = {isa = PBXFileReference; fileEncoding = 4; lastKnownFileType = sourcecode.c.h; path = WYWImplicitAnimationViewController.h; sourceTree = "<group>"; };
		4DCF38E320673B760071C6C6 /* PrefixHeader.pch */ = {isa = PBXFileReference; fileEncoding = 4; lastKnownFileType = sourcecode.c.h; path = PrefixHeader.pch; sourceTree = "<group>"; };
		4DCF38F020673CAC0071C6C6 /* WWCycleView.h */ = {isa = PBXFileReference; fileEncoding = 4; lastKnownFileType = sourcecode.c.h; path = WWCycleView.h; sourceTree = "<group>"; };
		4DCF38F120673CAC0071C6C6 /* WWCycleView.m */ = {isa = PBXFileReference; fileEncoding = 4; lastKnownFileType = sourcecode.c.objc; path = WWCycleView.m; sourceTree = "<group>"; };
		4DCF38F4206742CE0071C6C6 /* dataArray.plist */ = {isa = PBXFileReference; lastKnownFileType = text.plist.xml; path = dataArray.plist; sourceTree = "<group>"; };
/* End PBXFileReference section */

/* Begin PBXFrameworksBuildPhase section */
		21CB5D641FD0413D009AE4ED /* Frameworks */ = {
			isa = PBXFrameworksBuildPhase;
			buildActionMask = 2147483647;
			files = (
			);
			runOnlyForDeploymentPostprocessing = 0;
		};
		21CB5D7F1FD0413E009AE4ED /* Frameworks */ = {
			isa = PBXFrameworksBuildPhase;
			buildActionMask = 2147483647;
			files = (
			);
			runOnlyForDeploymentPostprocessing = 0;
		};
		21CB5D8A1FD0413E009AE4ED /* Frameworks */ = {
			isa = PBXFrameworksBuildPhase;
			buildActionMask = 2147483647;
			files = (
			);
			runOnlyForDeploymentPostprocessing = 0;
		};
/* End PBXFrameworksBuildPhase section */

/* Begin PBXGroup section */
		21CB5D5E1FD0413D009AE4ED = {
			isa = PBXGroup;
			children = (
				21CB5D691FD0413D009AE4ED /* WWCollection */,
				21CB5D851FD0413E009AE4ED /* WWCollectionTests */,
				21CB5D901FD0413E009AE4ED /* WWCollectionUITests */,
				21CB5D681FD0413D009AE4ED /* Products */,
			);
			sourceTree = "<group>";
		};
		21CB5D681FD0413D009AE4ED /* Products */ = {
			isa = PBXGroup;
			children = (
				21CB5D671FD0413D009AE4ED /* WWCollection.app */,
				21CB5D821FD0413E009AE4ED /* WWCollectionTests.xctest */,
				21CB5D8D1FD0413E009AE4ED /* WWCollectionUITests.xctest */,
			);
			name = Products;
			sourceTree = "<group>";
		};
		21CB5D691FD0413D009AE4ED /* WWCollection */ = {
			isa = PBXGroup;
			children = (
				4D73AC7D206795D800C8C84B /* Classes */,
				4DCF38DE20673B750071C6C6 /* 隐式动画 */,
				4DCF38CA20673B740071C6C6 /* 专用图层 */,
				4D73AC7C2067935900C8C84B /* Category */,
				4D73AC7B2067935200C8C84B /* Common */,
				4D73AC7A2067930E00C8C84B /* SupportFiles */,
				4DCF38F3206742B80071C6C6 /* Resources */,
				4DCF38E220673B750071C6C6 /* ThirdLib */,
				21CB5D761FD0413E009AE4ED /* Assets.xcassets */,
				21CB5D731FD0413E009AE4ED /* WWCollection.xcdatamodeld */,
			);
			path = WWCollection;
			sourceTree = "<group>";
		};
		21CB5D851FD0413E009AE4ED /* WWCollectionTests */ = {
			isa = PBXGroup;
			children = (
				21CB5D861FD0413E009AE4ED /* WWCollectionTests.m */,
				21CB5D881FD0413E009AE4ED /* Info.plist */,
			);
			path = WWCollectionTests;
			sourceTree = "<group>";
		};
		21CB5D901FD0413E009AE4ED /* WWCollectionUITests */ = {
			isa = PBXGroup;
			children = (
				21CB5D911FD0413E009AE4ED /* WWCollectionUITests.m */,
				21CB5D931FD0413E009AE4ED /* Info.plist */,
			);
			path = WWCollectionUITests;
			sourceTree = "<group>";
		};
		4D73AC7A2067930E00C8C84B /* SupportFiles */ = {
			isa = PBXGroup;
			children = (
				21CB5D6A1FD0413D009AE4ED /* AppDelegate.h */,
				21CB5D6B1FD0413D009AE4ED /* AppDelegate.m */,
				21CB5D701FD0413E009AE4ED /* Main.storyboard */,
				21CB5D781FD0413E009AE4ED /* LaunchScreen.storyboard */,
				21CB5D7B1FD0413E009AE4ED /* Info.plist */,
				21CB5D7C1FD0413E009AE4ED /* main.m */,
				4DCF38E320673B760071C6C6 /* PrefixHeader.pch */,
			);
			path = SupportFiles;
			sourceTree = "<group>";
		};
		4D73AC7B2067935200C8C84B /* Common */ = {
			isa = PBXGroup;
			children = (
				4DCF38C120673B730071C6C6 /* WWSearchBar.h */,
				4DCF38C220673B740071C6C6 /* WWSearchBar.m */,
			);
			path = Common;
			sourceTree = "<group>";
		};
		4D73AC7C2067935900C8C84B /* Category */ = {
			isa = PBXGroup;
			children = (
				4D7987E9205C06EA00106B1C /* UINavigationBar+WWAdd.h */,
				4D7987EA205C06EA00106B1C /* UINavigationBar+WWAdd.m */,
				4DCF38C320673B740071C6C6 /* UISearchBar+WWAdd.h */,
				4DCF38DC20673B750071C6C6 /* UISearchBar+WWAdd.m */,
			);
			path = Category;
			sourceTree = "<group>";
		};
		4D73AC7D206795D800C8C84B /* Classes */ = {
			isa = PBXGroup;
			children = (
				4D73AC7E206795E000C8C84B /* ViewControllers */,
			);
			path = Classes;
			sourceTree = "<group>";
		};
		4D73AC7E206795E000C8C84B /* ViewControllers */ = {
			isa = PBXGroup;
			children = (
				4DCF38C420673B740071C6C6 /* WYWHomeViewController.h */,
				4DCF38DD20673B750071C6C6 /* WYWHomeViewController.m */,
				21CB5D6D1FD0413D009AE4ED /* ViewController.h */,
				21CB5D6E1FD0413D009AE4ED /* ViewController.m */,
				4D7987E3205BC9A000106B1C /* WYWSearchResultViewController.h */,
				4D7987E4205BC9A000106B1C /* WYWSearchResultViewController.m */,
			);
			path = ViewControllers;
			sourceTree = "<group>";
		};
		4DCF38CA20673B740071C6C6 /* 专用图层 */ = {
			isa = PBXGroup;
			children = (
				4DCF38CB20673B740071C6C6 /* LayerTestViewController */,
				4DCF38CE20673B740071C6C6 /* CAGradientLayer */,
				4DCF38D120673B740071C6C6 /* View */,
				4DCF38D420673B740071C6C6 /* CAShapeLayer */,
				4DCF38D720673B740071C6C6 /* ViewController */,
			);
			path = "专用图层";
			sourceTree = "<group>";
		};
		4DCF38CB20673B740071C6C6 /* LayerTestViewController */ = {
			isa = PBXGroup;
			children = (
				4DCF38CC20673B740071C6C6 /* WYWLayerViewController.m */,
				4DCF38CD20673B740071C6C6 /* WYWLayerViewController.h */,
			);
			path = LayerTestViewController;
			sourceTree = "<group>";
		};
		4DCF38CE20673B740071C6C6 /* CAGradientLayer */ = {
			isa = PBXGroup;
			children = (
				4DCF38CF20673B740071C6C6 /* CAGradientLayer+WWAdd.h */,
				4DCF38D020673B740071C6C6 /* CAGradientLayer+WWAdd.m */,
			);
			path = CAGradientLayer;
			sourceTree = "<group>";
		};
		4DCF38D120673B740071C6C6 /* View */ = {
			isa = PBXGroup;
			children = (
				4DCF38F020673CAC0071C6C6 /* WWCycleView.h */,
				4DCF38F120673CAC0071C6C6 /* WWCycleView.m */,
				4DCF38D220673B740071C6C6 /* WYWDrawingView.h */,
				4DCF38D320673B740071C6C6 /* WYWDrawingView.m */,
			);
			path = View;
			sourceTree = "<group>";
		};
		4DCF38D420673B740071C6C6 /* CAShapeLayer */ = {
			isa = PBXGroup;
			children = (
				4DCF38D520673B740071C6C6 /* CAShapeLayer+WWAdd.m */,
				4DCF38D620673B740071C6C6 /* CAShapeLayer+WWAdd.h */,
			);
			path = CAShapeLayer;
			sourceTree = "<group>";
		};
		4DCF38D720673B740071C6C6 /* ViewController */ = {
			isa = PBXGroup;
			children = (
				4DCF38D820673B740071C6C6 /* WYWTestViewController.m */,
				4DCF38D920673B740071C6C6 /* WYWLayerTableViewController.h */,
				4DCF38DA20673B740071C6C6 /* WYWLayerTableViewController.m */,
				4DCF38DB20673B740071C6C6 /* WYWTestViewController.h */,
			);
			path = ViewController;
			sourceTree = "<group>";
		};
		4DCF38DE20673B750071C6C6 /* 隐式动画 */ = {
			isa = PBXGroup;
			children = (
				4DCF38DF20673B750071C6C6 /* 事务 */,
			);
			path = "隐式动画";
			sourceTree = "<group>";
		};
		4DCF38DF20673B750071C6C6 /* 事务 */ = {
			isa = PBXGroup;
			children = (
				4DCF38E020673B750071C6C6 /* WYWImplicitAnimationViewController.m */,
				4DCF38E120673B750071C6C6 /* WYWImplicitAnimationViewController.h */,
			);
			path = "事务";
			sourceTree = "<group>";
		};
		4DCF38E220673B750071C6C6 /* ThirdLib */ = {
			isa = PBXGroup;
			children = (
			);
			path = ThirdLib;
			sourceTree = "<group>";
		};
		4DCF38F3206742B80071C6C6 /* Resources */ = {
			isa = PBXGroup;
			children = (
				4DCF38F4206742CE0071C6C6 /* dataArray.plist */,
			);
			path = Resources;
			sourceTree = "<group>";
		};
/* End PBXGroup section */

/* Begin PBXNativeTarget section */
		21CB5D661FD0413D009AE4ED /* WWCollection */ = {
			isa = PBXNativeTarget;
			buildConfigurationList = 21CB5D961FD0413E009AE4ED /* Build configuration list for PBXNativeTarget "WWCollection" */;
			buildPhases = (
				21CB5D631FD0413D009AE4ED /* Sources */,
				21CB5D641FD0413D009AE4ED /* Frameworks */,
				21CB5D651FD0413D009AE4ED /* Resources */,
			);
			buildRules = (
			);
			dependencies = (
			);
			name = WWCollection;
			productName = WWCollection;
			productReference = 21CB5D671FD0413D009AE4ED /* WWCollection.app */;
			productType = "com.apple.product-type.application";
		};
		21CB5D811FD0413E009AE4ED /* WWCollectionTests */ = {
			isa = PBXNativeTarget;
			buildConfigurationList = 21CB5D991FD0413E009AE4ED /* Build configuration list for PBXNativeTarget "WWCollectionTests" */;
			buildPhases = (
				21CB5D7E1FD0413E009AE4ED /* Sources */,
				21CB5D7F1FD0413E009AE4ED /* Frameworks */,
				21CB5D801FD0413E009AE4ED /* Resources */,
			);
			buildRules = (
			);
			dependencies = (
				21CB5D841FD0413E009AE4ED /* PBXTargetDependency */,
			);
			name = WWCollectionTests;
			productName = WWCollectionTests;
			productReference = 21CB5D821FD0413E009AE4ED /* WWCollectionTests.xctest */;
			productType = "com.apple.product-type.bundle.unit-test";
		};
		21CB5D8C1FD0413E009AE4ED /* WWCollectionUITests */ = {
			isa = PBXNativeTarget;
			buildConfigurationList = 21CB5D9C1FD0413E009AE4ED /* Build configuration list for PBXNativeTarget "WWCollectionUITests" */;
			buildPhases = (
				21CB5D891FD0413E009AE4ED /* Sources */,
				21CB5D8A1FD0413E009AE4ED /* Frameworks */,
				21CB5D8B1FD0413E009AE4ED /* Resources */,
			);
			buildRules = (
			);
			dependencies = (
				21CB5D8F1FD0413E009AE4ED /* PBXTargetDependency */,
			);
			name = WWCollectionUITests;
			productName = WWCollectionUITests;
			productReference = 21CB5D8D1FD0413E009AE4ED /* WWCollectionUITests.xctest */;
			productType = "com.apple.product-type.bundle.ui-testing";
		};
/* End PBXNativeTarget section */

/* Begin PBXProject section */
		21CB5D5F1FD0413D009AE4ED /* Project object */ = {
			isa = PBXProject;
			attributes = {
				LastUpgradeCheck = 0900;
				ORGANIZATIONNAME = ITCoderW;
				TargetAttributes = {
					21CB5D661FD0413D009AE4ED = {
						CreatedOnToolsVersion = 9.0;
						ProvisioningStyle = Automatic;
					};
					21CB5D811FD0413E009AE4ED = {
						CreatedOnToolsVersion = 9.0;
						ProvisioningStyle = Automatic;
						TestTargetID = 21CB5D661FD0413D009AE4ED;
					};
					21CB5D8C1FD0413E009AE4ED = {
						CreatedOnToolsVersion = 9.0;
						ProvisioningStyle = Automatic;
						TestTargetID = 21CB5D661FD0413D009AE4ED;
					};
				};
			};
			buildConfigurationList = 21CB5D621FD0413D009AE4ED /* Build configuration list for PBXProject "WWCollection" */;
			compatibilityVersion = "Xcode 8.0";
			developmentRegion = en;
			hasScannedForEncodings = 0;
			knownRegions = (
				en,
				Base,
			);
			mainGroup = 21CB5D5E1FD0413D009AE4ED;
			productRefGroup = 21CB5D681FD0413D009AE4ED /* Products */;
			projectDirPath = "";
			projectRoot = "";
			targets = (
				21CB5D661FD0413D009AE4ED /* WWCollection */,
				21CB5D811FD0413E009AE4ED /* WWCollectionTests */,
				21CB5D8C1FD0413E009AE4ED /* WWCollectionUITests */,
			);
		};
/* End PBXProject section */

/* Begin PBXResourcesBuildPhase section */
		21CB5D651FD0413D009AE4ED /* Resources */ = {
			isa = PBXResourcesBuildPhase;
			buildActionMask = 2147483647;
			files = (
				21CB5D7A1FD0413E009AE4ED /* LaunchScreen.storyboard in Resources */,
				21CB5D771FD0413E009AE4ED /* Assets.xcassets in Resources */,
				4DCF38F5206742CE0071C6C6 /* dataArray.plist in Resources */,
				21CB5D721FD0413E009AE4ED /* Main.storyboard in Resources */,
			);
			runOnlyForDeploymentPostprocessing = 0;
		};
		21CB5D801FD0413E009AE4ED /* Resources */ = {
			isa = PBXResourcesBuildPhase;
			buildActionMask = 2147483647;
			files = (
			);
			runOnlyForDeploymentPostprocessing = 0;
		};
		21CB5D8B1FD0413E009AE4ED /* Resources */ = {
			isa = PBXResourcesBuildPhase;
			buildActionMask = 2147483647;
			files = (
			);
			runOnlyForDeploymentPostprocessing = 0;
		};
/* End PBXResourcesBuildPhase section */

/* Begin PBXSourcesBuildPhase section */
		21CB5D631FD0413D009AE4ED /* Sources */ = {
			isa = PBXSourcesBuildPhase;
			buildActionMask = 2147483647;
			files = (
				4DCF38EF20673B760071C6C6 /* WYWImplicitAnimationViewController.m in Sources */,
				21CB5D6F1FD0413D009AE4ED /* ViewController.m in Sources */,
				4DCF38EA20673B760071C6C6 /* CAShapeLayer+WWAdd.m in Sources */,
				4DCF38E920673B760071C6C6 /* WYWDrawingView.m in Sources */,
				4D7987E5205BC9A000106B1C /* WYWSearchResultViewController.m in Sources */,
				4DCF38F220673CAD0071C6C6 /* WWCycleView.m in Sources */,
				21CB5D751FD0413E009AE4ED /* WWCollection.xcdatamodeld in Sources */,
				21CB5D7D1FD0413E009AE4ED /* main.m in Sources */,
				4DCF38EE20673B760071C6C6 /* WYWHomeViewController.m in Sources */,
				4DCF38E420673B760071C6C6 /* WWSearchBar.m in Sources */,
				4DCF38ED20673B760071C6C6 /* UISearchBar+WWAdd.m in Sources */,
				4DCF38EC20673B760071C6C6 /* WYWLayerTableViewController.m in Sources */,
				4DCF38E820673B760071C6C6 /* CAGradientLayer+WWAdd.m in Sources */,
				4DCF38EB20673B760071C6C6 /* WYWTestViewController.m in Sources */,
				4D7987EB205C06EA00106B1C /* UINavigationBar+WWAdd.m in Sources */,
				4DCF38E720673B760071C6C6 /* WYWLayerViewController.m in Sources */,
				21CB5D6C1FD0413D009AE4ED /* AppDelegate.m in Sources */,
			);
			runOnlyForDeploymentPostprocessing = 0;
		};
		21CB5D7E1FD0413E009AE4ED /* Sources */ = {
			isa = PBXSourcesBuildPhase;
			buildActionMask = 2147483647;
			files = (
				21CB5D871FD0413E009AE4ED /* WWCollectionTests.m in Sources */,
			);
			runOnlyForDeploymentPostprocessing = 0;
		};
		21CB5D891FD0413E009AE4ED /* Sources */ = {
			isa = PBXSourcesBuildPhase;
			buildActionMask = 2147483647;
			files = (
				21CB5D921FD0413E009AE4ED /* WWCollectionUITests.m in Sources */,
			);
			runOnlyForDeploymentPostprocessing = 0;
		};
/* End PBXSourcesBuildPhase section */

/* Begin PBXTargetDependency section */
		21CB5D841FD0413E009AE4ED /* PBXTargetDependency */ = {
			isa = PBXTargetDependency;
			target = 21CB5D661FD0413D009AE4ED /* WWCollection */;
			targetProxy = 21CB5D831FD0413E009AE4ED /* PBXContainerItemProxy */;
		};
		21CB5D8F1FD0413E009AE4ED /* PBXTargetDependency */ = {
			isa = PBXTargetDependency;
			target = 21CB5D661FD0413D009AE4ED /* WWCollection */;
			targetProxy = 21CB5D8E1FD0413E009AE4ED /* PBXContainerItemProxy */;
		};
/* End PBXTargetDependency section */

/* Begin PBXVariantGroup section */
		21CB5D701FD0413E009AE4ED /* Main.storyboard */ = {
			isa = PBXVariantGroup;
			children = (
				21CB5D711FD0413E009AE4ED /* Base */,
			);
			name = Main.storyboard;
			sourceTree = "<group>";
		};
		21CB5D781FD0413E009AE4ED /* LaunchScreen.storyboard */ = {
			isa = PBXVariantGroup;
			children = (
				21CB5D791FD0413E009AE4ED /* Base */,
			);
			name = LaunchScreen.storyboard;
			sourceTree = "<group>";
		};
/* End PBXVariantGroup section */

/* Begin XCBuildConfiguration section */
		21CB5D941FD0413E009AE4ED /* Debug */ = {
			isa = XCBuildConfiguration;
			buildSettings = {
				ALWAYS_SEARCH_USER_PATHS = NO;
				CLANG_ANALYZER_NONNULL = YES;
				CLANG_ANALYZER_NUMBER_OBJECT_CONVERSION = YES_AGGRESSIVE;
				CLANG_CXX_LANGUAGE_STANDARD = "gnu++14";
				CLANG_CXX_LIBRARY = "libc++";
				CLANG_ENABLE_MODULES = YES;
				CLANG_ENABLE_OBJC_ARC = YES;
				CLANG_WARN_BLOCK_CAPTURE_AUTORELEASING = YES;
				CLANG_WARN_BOOL_CONVERSION = YES;
				CLANG_WARN_COMMA = YES;
				CLANG_WARN_CONSTANT_CONVERSION = YES;
				CLANG_WARN_DIRECT_OBJC_ISA_USAGE = YES_ERROR;
				CLANG_WARN_DOCUMENTATION_COMMENTS = YES;
				CLANG_WARN_EMPTY_BODY = YES;
				CLANG_WARN_ENUM_CONVERSION = YES;
				CLANG_WARN_INFINITE_RECURSION = YES;
				CLANG_WARN_INT_CONVERSION = YES;
				CLANG_WARN_NON_LITERAL_NULL_CONVERSION = YES;
				CLANG_WARN_OBJC_LITERAL_CONVERSION = YES;
				CLANG_WARN_OBJC_ROOT_CLASS = YES_ERROR;
				CLANG_WARN_RANGE_LOOP_ANALYSIS = YES;
				CLANG_WARN_STRICT_PROTOTYPES = YES;
				CLANG_WARN_SUSPICIOUS_MOVE = YES;
				CLANG_WARN_UNGUARDED_AVAILABILITY = YES_AGGRESSIVE;
				CLANG_WARN_UNREACHABLE_CODE = YES;
				CLANG_WARN__DUPLICATE_METHOD_MATCH = YES;
				CODE_SIGN_IDENTITY = "iPhone Developer";
				COPY_PHASE_STRIP = NO;
				DEBUG_INFORMATION_FORMAT = dwarf;
				ENABLE_STRICT_OBJC_MSGSEND = YES;
				ENABLE_TESTABILITY = YES;
				GCC_C_LANGUAGE_STANDARD = gnu11;
				GCC_DYNAMIC_NO_PIC = NO;
				GCC_NO_COMMON_BLOCKS = YES;
				GCC_OPTIMIZATION_LEVEL = 0;
				GCC_PREPROCESSOR_DEFINITIONS = (
					"DEBUG=1",
					"$(inherited)",
				);
				GCC_WARN_64_TO_32_BIT_CONVERSION = YES;
				GCC_WARN_ABOUT_RETURN_TYPE = YES_ERROR;
				GCC_WARN_UNDECLARED_SELECTOR = YES;
				GCC_WARN_UNINITIALIZED_AUTOS = YES_AGGRESSIVE;
				GCC_WARN_UNUSED_FUNCTION = YES;
				GCC_WARN_UNUSED_VARIABLE = YES;
				IPHONEOS_DEPLOYMENT_TARGET = 9.0;
				MTL_ENABLE_DEBUG_INFO = YES;
				ONLY_ACTIVE_ARCH = YES;
				SDKROOT = iphoneos;
			};
			name = Debug;
		};
		21CB5D951FD0413E009AE4ED /* Release */ = {
			isa = XCBuildConfiguration;
			buildSettings = {
				ALWAYS_SEARCH_USER_PATHS = NO;
				CLANG_ANALYZER_NONNULL = YES;
				CLANG_ANALYZER_NUMBER_OBJECT_CONVERSION = YES_AGGRESSIVE;
				CLANG_CXX_LANGUAGE_STANDARD = "gnu++14";
				CLANG_CXX_LIBRARY = "libc++";
				CLANG_ENABLE_MODULES = YES;
				CLANG_ENABLE_OBJC_ARC = YES;
				CLANG_WARN_BLOCK_CAPTURE_AUTORELEASING = YES;
				CLANG_WARN_BOOL_CONVERSION = YES;
				CLANG_WARN_COMMA = YES;
				CLANG_WARN_CONSTANT_CONVERSION = YES;
				CLANG_WARN_DIRECT_OBJC_ISA_USAGE = YES_ERROR;
				CLANG_WARN_DOCUMENTATION_COMMENTS = YES;
				CLANG_WARN_EMPTY_BODY = YES;
				CLANG_WARN_ENUM_CONVERSION = YES;
				CLANG_WARN_INFINITE_RECURSION = YES;
				CLANG_WARN_INT_CONVERSION = YES;
				CLANG_WARN_NON_LITERAL_NULL_CONVERSION = YES;
				CLANG_WARN_OBJC_LITERAL_CONVERSION = YES;
				CLANG_WARN_OBJC_ROOT_CLASS = YES_ERROR;
				CLANG_WARN_RANGE_LOOP_ANALYSIS = YES;
				CLANG_WARN_STRICT_PROTOTYPES = YES;
				CLANG_WARN_SUSPICIOUS_MOVE = YES;
				CLANG_WARN_UNGUARDED_AVAILABILITY = YES_AGGRESSIVE;
				CLANG_WARN_UNREACHABLE_CODE = YES;
				CLANG_WARN__DUPLICATE_METHOD_MATCH = YES;
				CODE_SIGN_IDENTITY = "iPhone Developer";
				COPY_PHASE_STRIP = NO;
				DEBUG_INFORMATION_FORMAT = "dwarf-with-dsym";
				ENABLE_NS_ASSERTIONS = NO;
				ENABLE_STRICT_OBJC_MSGSEND = YES;
				GCC_C_LANGUAGE_STANDARD = gnu11;
				GCC_NO_COMMON_BLOCKS = YES;
				GCC_WARN_64_TO_32_BIT_CONVERSION = YES;
				GCC_WARN_ABOUT_RETURN_TYPE = YES_ERROR;
				GCC_WARN_UNDECLARED_SELECTOR = YES;
				GCC_WARN_UNINITIALIZED_AUTOS = YES_AGGRESSIVE;
				GCC_WARN_UNUSED_FUNCTION = YES;
				GCC_WARN_UNUSED_VARIABLE = YES;
				IPHONEOS_DEPLOYMENT_TARGET = 9.0;
				MTL_ENABLE_DEBUG_INFO = NO;
				SDKROOT = iphoneos;
				VALIDATE_PRODUCT = YES;
			};
			name = Release;
		};
		21CB5D971FD0413E009AE4ED /* Debug */ = {
			isa = XCBuildConfiguration;
			buildSettings = {
				ASSETCATALOG_COMPILER_APPICON_NAME = AppIcon;
				CODE_SIGN_STYLE = Automatic;
				DEVELOPMENT_TEAM = E6LSH6U6V8;
				GCC_PREFIX_HEADER = "$(SRCROOT)/WWCollection/SupportFiles/PrefixHeader.pch";
				INFOPLIST_FILE = WWCollection/Info.plist;
				LD_RUNPATH_SEARCH_PATHS = "$(inherited) @executable_path/Frameworks";
				PRODUCT_BUNDLE_IDENTIFIER = cn.ITCoderW.WWCollection;
				PRODUCT_NAME = "$(TARGET_NAME)";
				TARGETED_DEVICE_FAMILY = "1,2";
			};
			name = Debug;
		};
		21CB5D981FD0413E009AE4ED /* Release */ = {
			isa = XCBuildConfiguration;
			buildSettings = {
				ASSETCATALOG_COMPILER_APPICON_NAME = AppIcon;
				CODE_SIGN_STYLE = Automatic;
				DEVELOPMENT_TEAM = E6LSH6U6V8;
				GCC_PREFIX_HEADER = "$(SRCROOT)/WWCollection/SupportFiles/PrefixHeader.pch";
				INFOPLIST_FILE = WWCollection/Info.plist;
				LD_RUNPATH_SEARCH_PATHS = "$(inherited) @executable_path/Frameworks";
				PRODUCT_BUNDLE_IDENTIFIER = cn.ITCoderW.WWCollection;
				PRODUCT_NAME = "$(TARGET_NAME)";
				TARGETED_DEVICE_FAMILY = "1,2";
			};
			name = Release;
		};
		21CB5D9A1FD0413E009AE4ED /* Debug */ = {
			isa = XCBuildConfiguration;
			buildSettings = {
				BUNDLE_LOADER = "$(TEST_HOST)";
				CODE_SIGN_STYLE = Automatic;
				DEVELOPMENT_TEAM = E6LSH6U6V8;
				INFOPLIST_FILE = WWCollectionTests/Info.plist;
				LD_RUNPATH_SEARCH_PATHS = "$(inherited) @executable_path/Frameworks @loader_path/Frameworks";
				PRODUCT_BUNDLE_IDENTIFIER = cn.ITCoderW.WWCollectionTests;
				PRODUCT_NAME = "$(TARGET_NAME)";
				TARGETED_DEVICE_FAMILY = "1,2";
				TEST_HOST = "$(BUILT_PRODUCTS_DIR)/WWCollection.app/WWCollection";
			};
			name = Debug;
		};
		21CB5D9B1FD0413E009AE4ED /* Release */ = {
			isa = XCBuildConfiguration;
			buildSettings = {
				BUNDLE_LOADER = "$(TEST_HOST)";
				CODE_SIGN_STYLE = Automatic;
				DEVELOPMENT_TEAM = E6LSH6U6V8;
				INFOPLIST_FILE = WWCollectionTests/Info.plist;
				LD_RUNPATH_SEARCH_PATHS = "$(inherited) @executable_path/Frameworks @loader_path/Frameworks";
				PRODUCT_BUNDLE_IDENTIFIER = cn.ITCoderW.WWCollectionTests;
				PRODUCT_NAME = "$(TARGET_NAME)";
				TARGETED_DEVICE_FAMILY = "1,2";
				TEST_HOST = "$(BUILT_PRODUCTS_DIR)/WWCollection.app/WWCollection";
			};
			name = Release;
		};
		21CB5D9D1FD0413E009AE4ED /* Debug */ = {
			isa = XCBuildConfiguration;
			buildSettings = {
				CODE_SIGN_STYLE = Automatic;
				DEVELOPMENT_TEAM = E6LSH6U6V8;
				INFOPLIST_FILE = WWCollectionUITests/Info.plist;
				LD_RUNPATH_SEARCH_PATHS = "$(inherited) @executable_path/Frameworks @loader_path/Frameworks";
				PRODUCT_BUNDLE_IDENTIFIER = cn.ITCoderW.WWCollectionUITests;
				PRODUCT_NAME = "$(TARGET_NAME)";
				TARGETED_DEVICE_FAMILY = "1,2";
				TEST_TARGET_NAME = WWCollection;
			};
			name = Debug;
		};
		21CB5D9E1FD0413E009AE4ED /* Release */ = {
			isa = XCBuildConfiguration;
			buildSettings = {
				CODE_SIGN_STYLE = Automatic;
				DEVELOPMENT_TEAM = E6LSH6U6V8;
				INFOPLIST_FILE = WWCollectionUITests/Info.plist;
				LD_RUNPATH_SEARCH_PATHS = "$(inherited) @executable_path/Frameworks @loader_path/Frameworks";
				PRODUCT_BUNDLE_IDENTIFIER = cn.ITCoderW.WWCollectionUITests;
				PRODUCT_NAME = "$(TARGET_NAME)";
				TARGETED_DEVICE_FAMILY = "1,2";
				TEST_TARGET_NAME = WWCollection;
			};
			name = Release;
		};
/* End XCBuildConfiguration section */

/* Begin XCConfigurationList section */
		21CB5D621FD0413D009AE4ED /* Build configuration list for PBXProject "WWCollection" */ = {
			isa = XCConfigurationList;
			buildConfigurations = (
				21CB5D941FD0413E009AE4ED /* Debug */,
				21CB5D951FD0413E009AE4ED /* Release */,
			);
			defaultConfigurationIsVisible = 0;
			defaultConfigurationName = Release;
		};
		21CB5D961FD0413E009AE4ED /* Build configuration list for PBXNativeTarget "WWCollection" */ = {
			isa = XCConfigurationList;
			buildConfigurations = (
				21CB5D971FD0413E009AE4ED /* Debug */,
				21CB5D981FD0413E009AE4ED /* Release */,
			);
			defaultConfigurationIsVisible = 0;
			defaultConfigurationName = Release;
		};
		21CB5D991FD0413E009AE4ED /* Build configuration list for PBXNativeTarget "WWCollectionTests" */ = {
			isa = XCConfigurationList;
			buildConfigurations = (
				21CB5D9A1FD0413E009AE4ED /* Debug */,
				21CB5D9B1FD0413E009AE4ED /* Release */,
			);
			defaultConfigurationIsVisible = 0;
			defaultConfigurationName = Release;
		};
		21CB5D9C1FD0413E009AE4ED /* Build configuration list for PBXNativeTarget "WWCollectionUITests" */ = {
			isa = XCConfigurationList;
			buildConfigurations = (
				21CB5D9D1FD0413E009AE4ED /* Debug */,
				21CB5D9E1FD0413E009AE4ED /* Release */,
			);
			defaultConfigurationIsVisible = 0;
			defaultConfigurationName = Release;
		};
/* End XCConfigurationList section */

/* Begin XCVersionGroup section */
		21CB5D731FD0413E009AE4ED /* WWCollection.xcdatamodeld */ = {
			isa = XCVersionGroup;
			children = (
				21CB5D741FD0413E009AE4ED /* WWCollection.xcdatamodel */,
			);
			currentVersion = 21CB5D741FD0413E009AE4ED /* WWCollection.xcdatamodel */;
			path = WWCollection.xcdatamodeld;
			sourceTree = "<group>";
			versionGroupType = wrapper.xcdatamodel;
		};
/* End XCVersionGroup section */
	};
	rootObject = 21CB5D5F1FD0413D009AE4ED /* Project object */;
}
